
Microsoft Visual Studio Solution File, Format Version 12.00
# Visual Studio 15
VisualStudioVersion = 15.0.28307.902
MinimumVisualStudioVersion = 10.0.40219.1
Project("{FAE04EC0-301F-11D3-BF4B-00C04F79EFBC}") = "TaskMemtApi", "TaskMemtApi\TaskMemtApi.csproj", "{BBBE18DB-5E84-4ED5-BE09-74F24223C41B}"
EndProject
Global
	GlobalSection(SolutionConfigurationPlatforms) = preSolution
		Debug|Any CPU = Debug|Any CPU
		Release|Any CPU = Release|Any CPU
	EndGlobalSection
	GlobalSection(ProjectConfigurationPlatforms) = postSolution
		{BBBE18DB-5E84-4ED5-BE09-74F24223C41B}.Debug|Any CPU.ActiveCfg = Debug|Any CPU
		{BBBE18DB-5E84-4ED5-BE09-74F24223C41B}.Debug|Any CPU.Build.0 = Debug|Any CPU
		{BBBE18DB-5E84-4ED5-BE09-74F24223C41B}.Release|Any CPU.ActiveCfg = Release|Any CPU
		{BBBE18DB-5E84-4ED5-BE09-74F24223C41B}.Release|Any CPU.Build.0 = Release|Any CPU
	EndGlobalSection
	GlobalSection(SolutionProperties) = preSolution
		HideSolutionNode = FALSE
	EndGlobalSection
	GlobalSection(ExtensibilityGlobals) = postSolution
		SolutionGuid = {D177D346-86E0-454E-A3A9-B35BF932EAC2}
	EndGlobalSection
EndGlobal
